
Microsoft Visual Studio Solution File, Format Version 12.00
Project("{FAE04EC0-301F-11D3-BF4B-00C04F79EFBC}") = "AspNel10SubdomainLocalhost", "AspNel10SubdomainLocalhost.csproj", "{74D716CC-88D6-45FA-A616-4F6F5D91A72E}"
EndProject
Global
	GlobalSection(SolutionConfigurationPlatforms) = preSolution
		Debug|Any CPU = Debug|Any CPU
		Release|Any CPU = Release|Any CPU
	EndGlobalSection
	GlobalSection(ProjectConfigurationPlatforms) = postSolution
		{74D716CC-88D6-45FA-A616-4F6F5D91A72E}.Debug|Any CPU.ActiveCfg = Debug|Any CPU
		{74D716CC-88D6-45FA-A616-4F6F5D91A72E}.Debug|Any CPU.Build.0 = Debug|Any CPU
		{74D716CC-88D6-45FA-A616-4F6F5D91A72E}.Release|Any CPU.ActiveCfg = Release|Any CPU
		{74D716CC-88D6-45FA-A616-4F6F5D91A72E}.Release|Any CPU.Build.0 = Release|Any CPU
	EndGlobalSection
EndGlobal
